github.com/ccatp/antenna-control-unit v0.1.0 h1:8AyELEbpquJL+X6XQL0mY0VCd4qeUPcimqIsIu0qL/k=
github.com/ccatp/antenna-control-unit v0.1.0/go.mod h1:jc7LkQPQ1RQQO0KZ/7ltyYyMCCzypd97x3ro3zeTHu0=
github.com/ccatp/antenna-control-unit v0.1.1 h1:pE1IcBRL1N+JfO+CoDxfyd4bu1BYPwWHRT39+zNXodg=
github.com/ccatp/antenna-control-unit v0.1.1/go.mod h1:jc7LkQPQ1RQQO0KZ/7ltyYyMCCzypd97x3ro3zeTHu0=
